
Microsoft Visual Studio Solution File, Format Version 12.00
# Visual Studio 2012
Project("{FAE04EC0-301F-11D3-BF4B-00C04F79EFBC}") = "Shipment Manager", "Shipment Manager\Shipment Manager.csproj", "{FF1B3635-1B02-4DF6-B360-29B69F76E595}"
EndProject
Global
	GlobalSection(SolutionConfigurationPlatforms) = preSolution
		Debug|Any CPU = Debug|Any CPU
		Release|Any CPU = Release|Any CPU
	EndGlobalSection
	GlobalSection(ProjectConfigurationPlatforms) = postSolution
		{FF1B3635-1B02-4DF6-B360-29B69F76E595}.Debug|Any CPU.ActiveCfg = Debug|Any CPU
		{FF1B3635-1B02-4DF6-B360-29B69F76E595}.Debug|Any CPU.Build.0 = Debug|Any CPU
		{FF1B3635-1B02-4DF6-B360-29B69F76E595}.Release|Any CPU.ActiveCfg = Release|Any CPU
		{FF1B3635-1B02-4DF6-B360-29B69F76E595}.Release|Any CPU.Build.0 = Release|Any CPU
	EndGlobalSection
	GlobalSection(SolutionProperties) = preSolution
		HideSolutionNode = FALSE
	EndGlobalSection
EndGlobal
